Microsoft Visual Studio Solution File, Format Version 12.00
# Visual Studio Version 16
VisualStudioVersion = 16.0.0.0
MinimumVisualStudioVersion = 16.0.0.0
Project("{9A19103F-16F7-4668-BE54-9A1E7A4F7556}") = "Web.Blazor.WebAssembly", "Web.Blazor.WebAssembly\Web.Blazor.WebAssembly.csproj", "{61FD0D29-87E5-4835-ACE4-C9E74D436C2C}"
EndProject
Project("{9A19103F-16F7-4668-BE54-9A1E7A4F7556}") = "Web.Blazor.WebAssembly.Client", "Web.Blazor.WebAssembly.Client\Web.Blazor.WebAssembly.Client.csproj", "{9939C26B-F0DD-4BDF-9CA8-65820ADCC067}"
EndProject
Global
	GlobalSection(SolutionConfigurationPlatforms) = preSolution
		Debug|Any CPU = Debug|Any CPU
		Debug|x64 = Debug|x64
		Debug|x86 = Debug|x86
		Release|Any CPU = Release|Any CPU
		Release|x64 = Release|x64
		Release|x86 = Release|x86
	EndGlobalSection
	GlobalSection(ProjectConfigurationPlatforms) = postSolution
		{9939C26B-F0DD-4BDF-9CA8-65820ADCC067}.Debug|Any CPU.ActiveCfg = Debug|Any CPU
		{9939C26B-F0DD-4BDF-9CA8-65820ADCC067}.Debug|Any CPU.Build.0 = Debug|Any CPU
		{9939C26B-F0DD-4BDF-9CA8-65820ADCC067}.Debug|x64.ActiveCfg = Debug|Any CPU
		{9939C26B-F0DD-4BDF-9CA8-65820ADCC067}.Debug|x64.Build.0 = Debug|Any CPU
		{9939C26B-F0DD-4BDF-9CA8-65820ADCC067}.Debug|x86.ActiveCfg = Debug|Any CPU
		{9939C26B-F0DD-4BDF-9CA8-65820ADCC067}.Debug|x86.Build.0 = Debug|Any CPU
		{9939C26B-F0DD-4BDF-9CA8-65820ADCC067}.Release|Any CPU.ActiveCfg = Release|Any CPU
		{9939C26B-F0DD-4BDF-9CA8-65820ADCC067}.Release|Any CPU.Build.0 = Release|Any CPU
		{9939C26B-F0DD-4BDF-9CA8-65820ADCC067}.Release|x64.ActiveCfg = Release|Any CPU
		{9939C26B-F0DD-4BDF-9CA8-65820ADCC067}.Release|x64.Build.0 = Release|Any CPU
		{9939C26B-F0DD-4BDF-9CA8-65820ADCC067}.Release|x86.ActiveCfg = Release|Any CPU
		{9939C26B-F0DD-4BDF-9CA8-65820ADCC067}.Release|x86.Build.0 = Release|Any CPU
		{61FD0D29-87E5-4835-ACE4-C9E74D436C2C}.Debug|Any CPU.ActiveCfg = Debug|Any CPU
		{61FD0D29-87E5-4835-ACE4-C9E74D436C2C}.Debug|Any CPU.Build.0 = Debug|Any CPU
		{61FD0D29-87E5-4835-ACE4-C9E74D436C2C}.Debug|x64.ActiveCfg = Debug|Any CPU
		{61FD0D29-87E5-4835-ACE4-C9E74D436C2C}.Debug|x64.Build.0 = Debug|Any CPU
		{61FD0D29-87E5-4835-ACE4-C9E74D436C2C}.Debug|x86.ActiveCfg = Debug|Any CPU
		{61FD0D29-87E5-4835-ACE4-C9E74D436C2C}.Debug|x86.Build.0 = Debug|Any CPU
		{61FD0D29-87E5-4835-ACE4-C9E74D436C2C}.Release|Any CPU.ActiveCfg = Release|Any CPU
		{61FD0D29-87E5-4835-ACE4-C9E74D436C2C}.Release|Any CPU.Build.0 = Release|Any CPU
		{61FD0D29-87E5-4835-ACE4-C9E74D436C2C}.Release|x64.ActiveCfg = Release|Any CPU
		{61FD0D29-87E5-4835-ACE4-C9E74D436C2C}.Release|x64.Build.0 = Release|Any CPU
		{61FD0D29-87E5-4835-ACE4-C9E74D436C2C}.Release|x86.ActiveCfg = Release|Any CPU
		{61FD0D29-87E5-4835-ACE4-C9E74D436C2C}.Release|x86.Build.0 = Release|Any CPU
	EndGlobalSection
	GlobalSection(SolutionProperties) = preSolution
		HideSolutionNode = FALSE
	EndGlobalSection
	GlobalSection(ExtensibilityGlobals) = postSolution
		SolutionGuid = {05EEA445-F6F2-43D2-B36C-C3D7E9DC3BFA}
	EndGlobalSection
EndGlobal
